
Microsoft Visual Studio Solution File, Format Version 12.00
# Visual Studio Version 17
VisualStudioVersion = 17.0.31903.59
MinimumVisualStudioVersion = 10.0.40219.1
Project("{FAE04EC0-301F-11D3-BF4B-00C04F79EFBC}") = "StockExchange.LaToken", "StockExchange.LaToken\StockExchange.LaToken.csproj", "{6AD64A95-4305-4D20-81D0-7D4D8DA428EB}"
EndProject
Project("{FAE04EC0-301F-11D3-BF4B-00C04F79EFBC}") = "StockExchange.CoinBase", "StockExchange.CoinBase\StockExchange.CoinBase.csproj", "{4DAF6209-1B28-4E7D-BB4A-DF1452899667}"
EndProject
Project("{FAE04EC0-301F-11D3-BF4B-00C04F79EFBC}") = "StockExchange.Base", "StockExchange.Base\StockExchange.Base.csproj", "{05FFC9A7-4DCF-4ACB-8AE8-14F4C9C0BACB}"
EndProject
Project("{2150E333-8FDC-42A3-9474-1A3956D46DE8}") = "StockExchanges", "StockExchanges", "{14053702-A4CB-493F-A1E6-EB285F239D04}"
EndProject
Project("{FAE04EC0-301F-11D3-BF4B-00C04F79EFBC}") = "Feed.Parser.LaToken", "Feed.Parser.LaToken\Feed.Parser.LaToken.csproj", "{B7EB2496-331A-4DC0-8F02-5B2681C18AD1}"
EndProject
Project("{FAE04EC0-301F-11D3-BF4B-00C04F79EFBC}") = "Feed.Parser.CoinBase", "Feed.Parser.CoinBase\Feed.Parser.CoinBase.csproj", "{D766FA4B-8B85-4925-B5C1-F1FA0AFF6ACC}"
EndProject
Project("{FAE04EC0-301F-11D3-BF4B-00C04F79EFBC}") = "Feed.Parser.Base", "Feed.Parser.Base\Feed.Parser.Base.csproj", "{DD3D04B6-5A48-486E-9499-97932846BEB5}"
EndProject
Project("{FAE04EC0-301F-11D3-BF4B-00C04F79EFBC}") = "Feed.Grabber", "Feed.Grabber\Feed.Grabber.csproj", "{48359EAF-F14C-4919-B653-A2F5580A365D}"
EndProject
Project("{FAE04EC0-301F-11D3-BF4B-00C04F79EFBC}") = "Poller.Model", "Poller.Model\Poller.Model.csproj", "{CD361B8B-AA3B-4F6B-B02E-6A17E57FE981}"
EndProject
Project("{FAE04EC0-301F-11D3-BF4B-00C04F79EFBC}") = "Poller.Application", "Poller.Application\Poller.Application.csproj", "{A5CD1981-6EFA-4D29-9C9B-17E045714CEA}"
EndProject
Project("{FAE04EC0-301F-11D3-BF4B-00C04F79EFBC}") = "Poller", "Poller\Poller.csproj", "{0BBF656A-80D2-4C2C-9FE2-055EDC71F53E}"
EndProject
Project("{FAE04EC0-301F-11D3-BF4B-00C04F79EFBC}") = "Poller.Infrastructure", "Poller.Infrastructure\Poller.Infrastructure.csproj", "{EBA344C9-4B31-409E-B8C4-D9CDB1C8334C}"
EndProject
Project("{FAE04EC0-301F-11D3-BF4B-00C04F79EFBC}") = "Poller.Storage", "Poller.Storage\Poller.Storage.csproj", "{30CBAFD6-5E36-4273-8536-5A22BDB7A9CA}"
EndProject
Project("{FAE04EC0-301F-11D3-BF4B-00C04F79EFBC}") = "Poller.Infrastructure.Tests", "Poller.Infrastructure.Tests\Poller.Infrastructure.Tests.csproj", "{CC99296A-EB12-4219-B03D-6A83971FD495}"
EndProject
Project("{FAE04EC0-301F-11D3-BF4B-00C04F79EFBC}") = "Feed.Parser.Tests", "Feed.Parser.Tests\Feed.Parser.Tests.csproj", "{665A6662-EE59-427B-A028-85EE8479B3E6}"
EndProject
Global
	GlobalSection(SolutionConfigurationPlatforms) = preSolution
		Debug|Any CPU = Debug|Any CPU
		Debug|x64 = Debug|x64
		Debug|x86 = Debug|x86
		Release|Any CPU = Release|Any CPU
		Release|x64 = Release|x64
		Release|x86 = Release|x86
	EndGlobalSection
	GlobalSection(ProjectConfigurationPlatforms) = postSolution
		{6AD64A95-4305-4D20-81D0-7D4D8DA428EB}.Debug|Any CPU.ActiveCfg = Debug|Any CPU
		{6AD64A95-4305-4D20-81D0-7D4D8DA428EB}.Debug|Any CPU.Build.0 = Debug|Any CPU
		{6AD64A95-4305-4D20-81D0-7D4D8DA428EB}.Debug|x64.ActiveCfg = Debug|Any CPU
		{6AD64A95-4305-4D20-81D0-7D4D8DA428EB}.Debug|x64.Build.0 = Debug|Any CPU
		{6AD64A95-4305-4D20-81D0-7D4D8DA428EB}.Debug|x86.ActiveCfg = Debug|Any CPU
		{6AD64A95-4305-4D20-81D0-7D4D8DA428EB}.Debug|x86.Build.0 = Debug|Any CPU
		{6AD64A95-4305-4D20-81D0-7D4D8DA428EB}.Release|Any CPU.ActiveCfg = Release|Any CPU
		{6AD64A95-4305-4D20-81D0-7D4D8DA428EB}.Release|Any CPU.Build.0 = Release|Any CPU
		{6AD64A95-4305-4D20-81D0-7D4D8DA428EB}.Release|x64.ActiveCfg = Release|Any CPU
		{6AD64A95-4305-4D20-81D0-7D4D8DA428EB}.Release|x64.Build.0 = Release|Any CPU
		{6AD64A95-4305-4D20-81D0-7D4D8DA428EB}.Release|x86.ActiveCfg = Release|Any CPU
		{6AD64A95-4305-4D20-81D0-7D4D8DA428EB}.Release|x86.Build.0 = Release|Any CPU
		{4DAF6209-1B28-4E7D-BB4A-DF1452899667}.Debug|Any CPU.ActiveCfg = Debug|Any CPU
		{4DAF6209-1B28-4E7D-BB4A-DF1452899667}.Debug|Any CPU.Build.0 = Debug|Any CPU
		{4DAF6209-1B28-4E7D-BB4A-DF1452899667}.Debug|x64.ActiveCfg = Debug|Any CPU
		{4DAF6209-1B28-4E7D-BB4A-DF1452899667}.Debug|x64.Build.0 = Debug|Any CPU
		{4DAF6209-1B28-4E7D-BB4A-DF1452899667}.Debug|x86.ActiveCfg = Debug|Any CPU
		{4DAF6209-1B28-4E7D-BB4A-DF1452899667}.Debug|x86.Build.0 = Debug|Any CPU
		{4DAF6209-1B28-4E7D-BB4A-DF1452899667}.Release|Any CPU.ActiveCfg = Release|Any CPU
		{4DAF6209-1B28-4E7D-BB4A-DF1452899667}.Release|Any CPU.Build.0 = Release|Any CPU
		{4DAF6209-1B28-4E7D-BB4A-DF1452899667}.Release|x64.ActiveCfg = Release|Any CPU
		{4DAF6209-1B28-4E7D-BB4A-DF1452899667}.Release|x64.Build.0 = Release|Any CPU
		{4DAF6209-1B28-4E7D-BB4A-DF1452899667}.Release|x86.ActiveCfg = Release|Any CPU
		{4DAF6209-1B28-4E7D-BB4A-DF1452899667}.Release|x86.Build.0 = Release|Any CPU
		{05FFC9A7-4DCF-4ACB-8AE8-14F4C9C0BACB}.Debug|Any CPU.ActiveCfg = Debug|Any CPU
		{05FFC9A7-4DCF-4ACB-8AE8-14F4C9C0BACB}.Debug|Any CPU.Build.0 = Debug|Any CPU
		{05FFC9A7-4DCF-4ACB-8AE8-14F4C9C0BACB}.Debug|x64.ActiveCfg = Debug|Any CPU
		{05FFC9A7-4DCF-4ACB-8AE8-14F4C9C0BACB}.Debug|x64.Build.0 = Debug|Any CPU
		{05FFC9A7-4DCF-4ACB-8AE8-14F4C9C0BACB}.Debug|x86.ActiveCfg = Debug|Any CPU
		{05FFC9A7-4DCF-4ACB-8AE8-14F4C9C0BACB}.Debug|x86.Build.0 = Debug|Any CPU
		{05FFC9A7-4DCF-4ACB-8AE8-14F4C9C0BACB}.Release|Any CPU.ActiveCfg = Release|Any CPU
		{05FFC9A7-4DCF-4ACB-8AE8-14F4C9C0BACB}.Release|Any CPU.Build.0 = Release|Any CPU
		{05FFC9A7-4DCF-4ACB-8AE8-14F4C9C0BACB}.Release|x64.ActiveCfg = Release|Any CPU
		{05FFC9A7-4DCF-4ACB-8AE8-14F4C9C0BACB}.Release|x64.Build.0 = Release|Any CPU
		{05FFC9A7-4DCF-4ACB-8AE8-14F4C9C0BACB}.Release|x86.ActiveCfg = Release|Any CPU
		{05FFC9A7-4DCF-4ACB-8AE8-14F4C9C0BACB}.Release|x86.Build.0 = Release|Any CPU
		{B7EB2496-331A-4DC0-8F02-5B2681C18AD1}.Debug|Any CPU.ActiveCfg = Debug|Any CPU
		{B7EB2496-331A-4DC0-8F02-5B2681C18AD1}.Debug|Any CPU.Build.0 = Debug|Any CPU
		{B7EB2496-331A-4DC0-8F02-5B2681C18AD1}.Debug|x64.ActiveCfg = Debug|Any CPU
		{B7EB2496-331A-4DC0-8F02-5B2681C18AD1}.Debug|x64.Build.0 = Debug|Any CPU
		{B7EB2496-331A-4DC0-8F02-5B2681C18AD1}.Debug|x86.ActiveCfg = Debug|Any CPU
		{B7EB2496-331A-4DC0-8F02-5B2681C18AD1}.Debug|x86.Build.0 = Debug|Any CPU
		{B7EB2496-331A-4DC0-8F02-5B2681C18AD1}.Release|Any CPU.ActiveCfg = Release|Any CPU
		{B7EB2496-331A-4DC0-8F02-5B2681C18AD1}.Release|Any CPU.Build.0 = Release|Any CPU
		{B7EB2496-331A-4DC0-8F02-5B2681C18AD1}.Release|x64.ActiveCfg = Release|Any CPU
		{B7EB2496-331A-4DC0-8F02-5B2681C18AD1}.Release|x64.Build.0 = Release|Any CPU
		{B7EB2496-331A-4DC0-8F02-5B2681C18AD1}.Release|x86.ActiveCfg = Release|Any CPU
		{B7EB2496-331A-4DC0-8F02-5B2681C18AD1}.Release|x86.Build.0 = Release|Any CPU
		{D766FA4B-8B85-4925-B5C1-F1FA0AFF6ACC}.Debug|Any CPU.ActiveCfg = Debug|Any CPU
		{D766FA4B-8B85-4925-B5C1-F1FA0AFF6ACC}.Debug|Any CPU.Build.0 = Debug|Any CPU
		{D766FA4B-8B85-4925-B5C1-F1FA0AFF6ACC}.Debug|x64.ActiveCfg = Debug|Any CPU
		{D766FA4B-8B85-4925-B5C1-F1FA0AFF6ACC}.Debug|x64.Build.0 = Debug|Any CPU
		{D766FA4B-8B85-4925-B5C1-F1FA0AFF6ACC}.Debug|x86.ActiveCfg = Debug|Any CPU
		{D766FA4B-8B85-4925-B5C1-F1FA0AFF6ACC}.Debug|x86.Build.0 = Debug|Any CPU
		{D766FA4B-8B85-4925-B5C1-F1FA0AFF6ACC}.Release|Any CPU.ActiveCfg = Release|Any CPU
		{D766FA4B-8B85-4925-B5C1-F1FA0AFF6ACC}.Release|Any CPU.Build.0 = Release|Any CPU
		{D766FA4B-8B85-4925-B5C1-F1FA0AFF6ACC}.Release|x64.ActiveCfg = Release|Any CPU
		{D766FA4B-8B85-4925-B5C1-F1FA0AFF6ACC}.Release|x64.Build.0 = Release|Any CPU
		{D766FA4B-8B85-4925-B5C1-F1FA0AFF6ACC}.Release|x86.ActiveCfg = Release|Any CPU
		{D766FA4B-8B85-4925-B5C1-F1FA0AFF6ACC}.Release|x86.Build.0 = Release|Any CPU
		{DD3D04B6-5A48-486E-9499-97932846BEB5}.Debug|Any CPU.ActiveCfg = Debug|Any CPU
		{DD3D04B6-5A48-486E-9499-97932846BEB5}.Debug|Any CPU.Build.0 = Debug|Any CPU
		{DD3D04B6-5A48-486E-9499-97932846BEB5}.Debug|x64.ActiveCfg = Debug|Any CPU
		{DD3D04B6-5A48-486E-9499-97932846BEB5}.Debug|x64.Build.0 = Debug|Any CPU
		{DD3D04B6-5A48-486E-9499-97932846BEB5}.Debug|x86.ActiveCfg = Debug|Any CPU
		{DD3D04B6-5A48-486E-9499-97932846BEB5}.Debug|x86.Build.0 = Debug|Any CPU
		{DD3D04B6-5A48-486E-9499-97932846BEB5}.Release|Any CPU.ActiveCfg = Release|Any CPU
		{DD3D04B6-5A48-486E-9499-97932846BEB5}.Release|Any CPU.Build.0 = Release|Any CPU
		{DD3D04B6-5A48-486E-9499-97932846BEB5}.Release|x64.ActiveCfg = Release|Any CPU
		{DD3D04B6-5A48-486E-9499-97932846BEB5}.Release|x64.Build.0 = Release|Any CPU
		{DD3D04B6-5A48-486E-9499-97932846BEB5}.Release|x86.ActiveCfg = Release|Any CPU
		{DD3D04B6-5A48-486E-9499-97932846BEB5}.Release|x86.Build.0 = Release|Any CPU
		{48359EAF-F14C-4919-B653-A2F5580A365D}.Debug|Any CPU.ActiveCfg = Debug|Any CPU
		{48359EAF-F14C-4919-B653-A2F5580A365D}.Debug|Any CPU.Build.0 = Debug|Any CPU
		{48359EAF-F14C-4919-B653-A2F5580A365D}.Debug|x64.ActiveCfg = Debug|Any CPU
		{48359EAF-F14C-4919-B653-A2F5580A365D}.Debug|x64.Build.0 = Debug|Any CPU
		{48359EAF-F14C-4919-B653-A2F5580A365D}.Debug|x86.ActiveCfg = Debug|Any CPU
		{48359EAF-F14C-4919-B653-A2F5580A365D}.Debug|x86.Build.0 = Debug|Any CPU
		{48359EAF-F14C-4919-B653-A2F5580A365D}.Release|Any CPU.ActiveCfg = Release|Any CPU
		{48359EAF-F14C-4919-B653-A2F5580A365D}.Release|Any CPU.Build.0 = Release|Any CPU
		{48359EAF-F14C-4919-B653-A2F5580A365D}.Release|x64.ActiveCfg = Release|Any CPU
		{48359EAF-F14C-4919-B653-A2F5580A365D}.Release|x64.Build.0 = Release|Any CPU
		{48359EAF-F14C-4919-B653-A2F5580A365D}.Release|x86.ActiveCfg = Release|Any CPU
		{48359EAF-F14C-4919-B653-A2F5580A365D}.Release|x86.Build.0 = Release|Any CPU
		{CD361B8B-AA3B-4F6B-B02E-6A17E57FE981}.Debug|Any CPU.ActiveCfg = Debug|Any CPU
		{CD361B8B-AA3B-4F6B-B02E-6A17E57FE981}.Debug|Any CPU.Build.0 = Debug|Any CPU
		{CD361B8B-AA3B-4F6B-B02E-6A17E57FE981}.Debug|x64.ActiveCfg = Debug|Any CPU
		{CD361B8B-AA3B-4F6B-B02E-6A17E57FE981}.Debug|x64.Build.0 = Debug|Any CPU
		{CD361B8B-AA3B-4F6B-B02E-6A17E57FE981}.Debug|x86.ActiveCfg = Debug|Any CPU
		{CD361B8B-AA3B-4F6B-B02E-6A17E57FE981}.Debug|x86.Build.0 = Debug|Any CPU
		{CD361B8B-AA3B-4F6B-B02E-6A17E57FE981}.Release|Any CPU.ActiveCfg = Release|Any CPU
		{CD361B8B-AA3B-4F6B-B02E-6A17E57FE981}.Release|Any CPU.Build.0 = Release|Any CPU
		{CD361B8B-AA3B-4F6B-B02E-6A17E57FE981}.Release|x64.ActiveCfg = Release|Any CPU
		{CD361B8B-AA3B-4F6B-B02E-6A17E57FE981}.Release|x64.Build.0 = Release|Any CPU
		{CD361B8B-AA3B-4F6B-B02E-6A17E57FE981}.Release|x86.ActiveCfg = Release|Any CPU
		{CD361B8B-AA3B-4F6B-B02E-6A17E57FE981}.Release|x86.Build.0 = Release|Any CPU
		{A5CD1981-6EFA-4D29-9C9B-17E045714CEA}.Debug|Any CPU.ActiveCfg = Debug|Any CPU
		{A5CD1981-6EFA-4D29-9C9B-17E045714CEA}.Debug|Any CPU.Build.0 = Debug|Any CPU
		{A5CD1981-6EFA-4D29-9C9B-17E045714CEA}.Debug|x64.ActiveCfg = Debug|Any CPU
		{A5CD1981-6EFA-4D29-9C9B-17E045714CEA}.Debug|x64.Build.0 = Debug|Any CPU
		{A5CD1981-6EFA-4D29-9C9B-17E045714CEA}.Debug|x86.ActiveCfg = Debug|Any CPU
		{A5CD1981-6EFA-4D29-9C9B-17E045714CEA}.Debug|x86.Build.0 = Debug|Any CPU
		{A5CD1981-6EFA-4D29-9C9B-17E045714CEA}.Release|Any CPU.ActiveCfg = Release|Any CPU
		{A5CD1981-6EFA-4D29-9C9B-17E045714CEA}.Release|Any CPU.Build.0 = Release|Any CPU
		{A5CD1981-6EFA-4D29-9C9B-17E045714CEA}.Release|x64.ActiveCfg = Release|Any CPU
		{A5CD1981-6EFA-4D29-9C9B-17E045714CEA}.Release|x64.Build.0 = Release|Any CPU
		{A5CD1981-6EFA-4D29-9C9B-17E045714CEA}.Release|x86.ActiveCfg = Release|Any CPU
		{A5CD1981-6EFA-4D29-9C9B-17E045714CEA}.Release|x86.Build.0 = Release|Any CPU
		{0BBF656A-80D2-4C2C-9FE2-055EDC71F53E}.Debug|Any CPU.ActiveCfg = Debug|Any CPU
		{0BBF656A-80D2-4C2C-9FE2-055EDC71F53E}.Debug|Any CPU.Build.0 = Debug|Any CPU
		{0BBF656A-80D2-4C2C-9FE2-055EDC71F53E}.Debug|x64.ActiveCfg = Debug|Any CPU
		{0BBF656A-80D2-4C2C-9FE2-055EDC71F53E}.Debug|x64.Build.0 = Debug|Any CPU
		{0BBF656A-80D2-4C2C-9FE2-055EDC71F53E}.Debug|x86.ActiveCfg = Debug|Any CPU
		{0BBF656A-80D2-4C2C-9FE2-055EDC71F53E}.Debug|x86.Build.0 = Debug|Any CPU
		{0BBF656A-80D2-4C2C-9FE2-055EDC71F53E}.Release|Any CPU.ActiveCfg = Release|Any CPU
		{0BBF656A-80D2-4C2C-9FE2-055EDC71F53E}.Release|Any CPU.Build.0 = Release|Any CPU
		{0BBF656A-80D2-4C2C-9FE2-055EDC71F53E}.Release|x64.ActiveCfg = Release|Any CPU
		{0BBF656A-80D2-4C2C-9FE2-055EDC71F53E}.Release|x64.Build.0 = Release|Any CPU
		{0BBF656A-80D2-4C2C-9FE2-055EDC71F53E}.Release|x86.ActiveCfg = Release|Any CPU
		{0BBF656A-80D2-4C2C-9FE2-055EDC71F53E}.Release|x86.Build.0 = Release|Any CPU
		{EBA344C9-4B31-409E-B8C4-D9CDB1C8334C}.Debug|Any CPU.ActiveCfg = Debug|Any CPU
		{EBA344C9-4B31-409E-B8C4-D9CDB1C8334C}.Debug|Any CPU.Build.0 = Debug|Any CPU
		{EBA344C9-4B31-409E-B8C4-D9CDB1C8334C}.Debug|x64.ActiveCfg = Debug|Any CPU
		{EBA344C9-4B31-409E-B8C4-D9CDB1C8334C}.Debug|x64.Build.0 = Debug|Any CPU
		{EBA344C9-4B31-409E-B8C4-D9CDB1C8334C}.Debug|x86.ActiveCfg = Debug|Any CPU
		{EBA344C9-4B31-409E-B8C4-D9CDB1C8334C}.Debug|x86.Build.0 = Debug|Any CPU
		{EBA344C9-4B31-409E-B8C4-D9CDB1C8334C}.Release|Any CPU.ActiveCfg = Release|Any CPU
		{EBA344C9-4B31-409E-B8C4-D9CDB1C8334C}.Release|Any CPU.Build.0 = Release|Any CPU
		{EBA344C9-4B31-409E-B8C4-D9CDB1C8334C}.Release|x64.ActiveCfg = Release|Any CPU
		{EBA344C9-4B31-409E-B8C4-D9CDB1C8334C}.Release|x64.Build.0 = Release|Any CPU
		{EBA344C9-4B31-409E-B8C4-D9CDB1C8334C}.Release|x86.ActiveCfg = Release|Any CPU
		{EBA344C9-4B31-409E-B8C4-D9CDB1C8334C}.Release|x86.Build.0 = Release|Any CPU
		{30CBAFD6-5E36-4273-8536-5A22BDB7A9CA}.Debug|Any CPU.ActiveCfg = Debug|Any CPU
		{30CBAFD6-5E36-4273-8536-5A22BDB7A9CA}.Debug|Any CPU.Build.0 = Debug|Any CPU
		{30CBAFD6-5E36-4273-8536-5A22BDB7A9CA}.Debug|x64.ActiveCfg = Debug|Any CPU
		{30CBAFD6-5E36-4273-8536-5A22BDB7A9CA}.Debug|x64.Build.0 = Debug|Any CPU
		{30CBAFD6-5E36-4273-8536-5A22BDB7A9CA}.Debug|x86.ActiveCfg = Debug|Any CPU
		{30CBAFD6-5E36-4273-8536-5A22BDB7A9CA}.Debug|x86.Build.0 = Debug|Any CPU
		{30CBAFD6-5E36-4273-8536-5A22BDB7A9CA}.Release|Any CPU.ActiveCfg = Release|Any CPU
		{30CBAFD6-5E36-4273-8536-5A22BDB7A9CA}.Release|Any CPU.Build.0 = Release|Any CPU
		{30CBAFD6-5E36-4273-8536-5A22BDB7A9CA}.Release|x64.ActiveCfg = Release|Any CPU
		{30CBAFD6-5E36-4273-8536-5A22BDB7A9CA}.Release|x64.Build.0 = Release|Any CPU
		{30CBAFD6-5E36-4273-8536-5A22BDB7A9CA}.Release|x86.ActiveCfg = Release|Any CPU
		{30CBAFD6-5E36-4273-8536-5A22BDB7A9CA}.Release|x86.Build.0 = Release|Any CPU
		{CC99296A-EB12-4219-B03D-6A83971FD495}.Debug|Any CPU.ActiveCfg = Debug|Any CPU
		{CC99296A-EB12-4219-B03D-6A83971FD495}.Debug|Any CPU.Build.0 = Debug|Any CPU
		{CC99296A-EB12-4219-B03D-6A83971FD495}.Debug|x64.ActiveCfg = Debug|Any CPU
		{CC99296A-EB12-4219-B03D-6A83971FD495}.Debug|x64.Build.0 = Debug|Any CPU
		{CC99296A-EB12-4219-B03D-6A83971FD495}.Debug|x86.ActiveCfg = Debug|Any CPU
		{CC99296A-EB12-4219-B03D-6A83971FD495}.Debug|x86.Build.0 = Debug|Any CPU
		{CC99296A-EB12-4219-B03D-6A83971FD495}.Release|Any CPU.ActiveCfg = Release|Any CPU
		{CC99296A-EB12-4219-B03D-6A83971FD495}.Release|Any CPU.Build.0 = Release|Any CPU
		{CC99296A-EB12-4219-B03D-6A83971FD495}.Release|x64.ActiveCfg = Release|Any CPU
		{CC99296A-EB12-4219-B03D-6A83971FD495}.Release|x64.Build.0 = Release|Any CPU
		{CC99296A-EB12-4219-B03D-6A83971FD495}.Release|x86.ActiveCfg = Release|Any CPU
		{CC99296A-EB12-4219-B03D-6A83971FD495}.Release|x86.Build.0 = Release|Any CPU
		{665A6662-EE59-427B-A028-85EE8479B3E6}.Debug|Any CPU.ActiveCfg = Debug|Any CPU
		{665A6662-EE59-427B-A028-85EE8479B3E6}.Debug|Any CPU.Build.0 = Debug|Any CPU
		{665A6662-EE59-427B-A028-85EE8479B3E6}.Debug|x64.ActiveCfg = Debug|Any CPU
		{665A6662-EE59-427B-A028-85EE8479B3E6}.Debug|x64.Build.0 = Debug|Any CPU
		{665A6662-EE59-427B-A028-85EE8479B3E6}.Debug|x86.ActiveCfg = Debug|Any CPU
		{665A6662-EE59-427B-A028-85EE8479B3E6}.Debug|x86.Build.0 = Debug|Any CPU
		{665A6662-EE59-427B-A028-85EE8479B3E6}.Release|Any CPU.ActiveCfg = Release|Any CPU
		{665A6662-EE59-427B-A028-85EE8479B3E6}.Release|Any CPU.Build.0 = Release|Any CPU
		{665A6662-EE59-427B-A028-85EE8479B3E6}.Release|x64.ActiveCfg = Release|Any CPU
		{665A6662-EE59-427B-A028-85EE8479B3E6}.Release|x64.Build.0 = Release|Any CPU
		{665A6662-EE59-427B-A028-85EE8479B3E6}.Release|x86.ActiveCfg = Release|Any CPU
		{665A6662-EE59-427B-A028-85EE8479B3E6}.Release|x86.Build.0 = Release|Any CPU
	EndGlobalSection
	GlobalSection(SolutionProperties) = preSolution
		HideSolutionNode = FALSE
	EndGlobalSection
	GlobalSection(NestedProjects) = preSolution
		{6AD64A95-4305-4D20-81D0-7D4D8DA428EB} = {14053702-A4CB-493F-A1E6-EB285F239D04}
		{4DAF6209-1B28-4E7D-BB4A-DF1452899667} = {14053702-A4CB-493F-A1E6-EB285F239D04}
		{05FFC9A7-4DCF-4ACB-8AE8-14F4C9C0BACB} = {14053702-A4CB-493F-A1E6-EB285F239D04}
	EndGlobalSection
EndGlobal
